// !$*UTF8*$!
{
	archiveVersion = 1;
	classes = {
	};
	objectVersion = 56;
	objects = {

/* Begin PBXBuildFile section */
		A00000000000000000000023 /* RecordingCoordinator.swift in Sources */ = {isa = PBXBuildFile; fileRef = A00000000000000000000026 /* RecordingCoordinator.swift */; };
		A00000000000000000000024 /* RecordingBridge.swift in Host Sources */ = {isa = PBXBuildFile; fileRef = A00000000000000000000027 /* RecordingBridge.swift */; };
		A00000000000000000000025 /* RecordingBridge.swift in Keyboard Sources */ = {isa = PBXBuildFile; fileRef = A00000000000000000000027 /* RecordingBridge.swift */; };
		A0000000000000000000000C /* HostApp.swift in Sources */ = {isa = PBXBuildFile; fileRef = A00000000000000000000007 /* HostApp.swift */; };
		A0000000000000000000000D /* KeyboardViewController.swift in Sources */ = {isa = PBXBuildFile; fileRef = A00000000000000000000008 /* KeyboardViewController.swift */; };
		A0000000000000000000000E /* OpenDictateKeyboard.appex in Embed App Extensions */ = {isa = PBXBuildFile; fileRef = A0000000000000000000000B /* OpenDictateKeyboard.appex */; settings = {ATTRIBUTES = (CodeSignOnCopy, RemoveHeadersOnCopy, ); }; };
/* End PBXBuildFile section */

/* Begin PBXContainerItemProxy section */
		A00000000000000000000019 /* PBXContainerItemProxy */ = {
			isa = PBXContainerItemProxy;
			containerPortal = A00000000000000000000001 /* Project object */;
			proxyType = 1;
			remoteGlobalIDString = A00000000000000000000017;
			remoteInfo = OpenDictateKeyboard;
		};
/* End PBXContainerItemProxy section */

/* Begin PBXCopyFilesBuildPhase section */
		A00000000000000000000015 /* Embed App Extensions */ = {
			isa = PBXCopyFilesBuildPhase;
			buildActionMask = 2147483647;
			dstPath = "";
		dstSubfolderSpec = 13;
		files = (
			A0000000000000000000000E /* OpenDictateKeyboard.appex in Embed App Extensions */,
		);
		name = "Embed App Extensions";
		runOnlyForDeploymentPostprocessing = 0;
	};
/* End PBXCopyFilesBuildPhase section */

/* Begin PBXFileReference section */
		A00000000000000000000026 /* RecordingCoordinator.swift */ = {isa = PBXFileReference; lastKnownFileType = sourcecode.swift; path = RecordingCoordinator.swift; sourceTree = "<group>"; };
		A00000000000000000000027 /* RecordingBridge.swift */ = {isa = PBXFileReference; lastKnownFileType = sourcecode.swift; path = RecordingBridge.swift; sourceTree = "<group>"; };
		A00000000000000000000028 /* Host Info.plist */ = {isa = PBXFileReference; lastKnownFileType = text.plist.xml; path = Info.plist; sourceTree = "<group>"; };
		A00000000000000000000029 /* OpenDictateKeyboardDemo.entitlements */ = {isa = PBXFileReference; lastKnownFileType = text.plist.entitlements; path = OpenDictateKeyboardDemo.entitlements; sourceTree = "<group>"; };
		A0000000000000000000002A /* OpenDictateKeyboard.entitlements */ = {isa = PBXFileReference; lastKnownFileType = text.plist.entitlements; path = OpenDictateKeyboard.entitlements; sourceTree = "<group>"; };
		A00000000000000000000007 /* HostApp.swift */ = {isa = PBXFileReference; lastKnownFileType = sourcecode.swift; path = HostApp.swift; sourceTree = "<group>"; };
		A00000000000000000000008 /* KeyboardViewController.swift */ = {isa = PBXFileReference; lastKnownFileType = sourcecode.swift; path = KeyboardViewController.swift; sourceTree = "<group>"; };
		A00000000000000000000009 /* Info.plist */ = {isa = PBXFileReference; lastKnownFileType = text.plist.xml; path = Info.plist; sourceTree = "<group>"; };
		A0000000000000000000000A /* OpenDictateKeyboardDemo.app */ = {isa = PBXFileReference; explicitFileType = wrapper.application; includeInIndex = 0; path = OpenDictateKeyboardDemo.app; sourceTree = BUILT_PRODUCTS_DIR; };
		A0000000000000000000000B /* OpenDictateKeyboard.appex */ = {isa = PBXFileReference; explicitFileType = wrapper.app-extension; includeInIndex = 0; path = OpenDictateKeyboard.appex; sourceTree = BUILT_PRODUCTS_DIR; };
/* End PBXFileReference section */

/* Begin PBXFrameworksBuildPhase section */
		A00000000000000000000011 /* Frameworks */ = {isa = PBXFrameworksBuildPhase; buildActionMask = 2147483647; files = (); runOnlyForDeploymentPostprocessing = 0; };
		A00000000000000000000012 /* Frameworks */ = {isa = PBXFrameworksBuildPhase; buildActionMask = 2147483647; files = (); runOnlyForDeploymentPostprocessing = 0; };
/* End PBXFrameworksBuildPhase section */

/* Begin PBXGroup section */
		A00000000000000000000002 = {
			isa = PBXGroup;
			children = (
				A00000000000000000000004 /* Sources */,
				A00000000000000000000003 /* Products */,
			);
			sourceTree = "<group>";
		};
		A00000000000000000000003 /* Products */ = {
			isa = PBXGroup;
			children = (
				A0000000000000000000000A /* OpenDictateKeyboardDemo.app */,
				A0000000000000000000000B /* OpenDictateKeyboard.appex */,
			);
			name = Products;
			sourceTree = "<group>";
		};
		A00000000000000000000004 /* Sources */ = {
			isa = PBXGroup;
			children = (
				A00000000000000000000005 /* OpenDictateKeyboardDemo */,
				A00000000000000000000006 /* OpenDictateKeyboard */,
				A0000000000000000000002B /* Bridge */,
			);
			path = Sources;
			sourceTree = "<group>";
		};
		A00000000000000000000005 /* OpenDictateKeyboardDemo */ = {
			isa = PBXGroup;
			children = (
				A00000000000000000000007 /* HostApp.swift */,
				A00000000000000000000026 /* RecordingCoordinator.swift */,
				A00000000000000000000028 /* Host Info.plist */,
				A00000000000000000000029 /* OpenDictateKeyboardDemo.entitlements */,
			);
			path = OpenDictateKeyboardDemo;
			sourceTree = "<group>";
		};
		A00000000000000000000006 /* OpenDictateKeyboard */ = {
			isa = PBXGroup;
			children = (
				A00000000000000000000008 /* KeyboardViewController.swift */,
				A00000000000000000000009 /* Info.plist */,
				A0000000000000000000002A /* OpenDictateKeyboard.entitlements */,
			);
			path = OpenDictateKeyboard;
			sourceTree = "<group>";
		};
		A0000000000000000000002B /* Bridge */ = {
			isa = PBXGroup;
			children = (A00000000000000000000027 /* RecordingBridge.swift */, );
			path = Bridge;
			sourceTree = "<group>";
		};
/* End PBXGroup section */

/* Begin PBXNativeTarget section */
		A00000000000000000000016 /* OpenDictateKeyboardDemo */ = {
			isa = PBXNativeTarget;
			buildConfigurationList = A0000000000000000000001D /* Build configuration list for PBXNativeTarget "OpenDictateKeyboardDemo" */;
			buildPhases = (
				A0000000000000000000000F /* Sources */,
				A00000000000000000000011 /* Frameworks */,
				A00000000000000000000013 /* Resources */,
				A00000000000000000000015 /* Embed App Extensions */,
			);
			buildRules = (
			);
			dependencies = (
				A00000000000000000000018 /* PBXTargetDependency */,
			);
			name = OpenDictateKeyboardDemo;
			productName = OpenDictateKeyboardDemo;
			productReference = A0000000000000000000000A /* OpenDictateKeyboardDemo.app */;
			productType = "com.apple.product-type.application";
		};
		A00000000000000000000017 /* OpenDictateKeyboard */ = {
			isa = PBXNativeTarget;
			buildConfigurationList = A00000000000000000000020 /* Build configuration list for PBXNativeTarget "OpenDictateKeyboard" */;
			buildPhases = (
				A00000000000000000000010 /* Sources */,
				A00000000000000000000012 /* Frameworks */,
				A00000000000000000000014 /* Resources */,
			);
			buildRules = (
			);
			dependencies = (
			);
			name = OpenDictateKeyboard;
			productName = OpenDictateKeyboard;
			productReference = A0000000000000000000000B /* OpenDictateKeyboard.appex */;
			productType = "com.apple.product-type.app-extension";
		};
/* End PBXNativeTarget section */

/* Begin PBXProject section */
		A00000000000000000000001 /* Project object */ = {
			isa = PBXProject;
			attributes = {
				BuildIndependentTargetsInParallel = 1;
				LastSwiftUpdateCheck = 2700;
				LastUpgradeCheck = 2700;
				TargetAttributes = {
					A00000000000000000000016 = {CreatedOnToolsVersion = 27.0; };
					A00000000000000000000017 = {CreatedOnToolsVersion = 27.0; };
				};
			};
			buildConfigurationList = A0000000000000000000001A /* Build configuration list for PBXProject "OpenDictateKeyboardDemo" */;
			compatibilityVersion = "Xcode 14.0";
			developmentRegion = en;
			hasScannedForEncodings = 0;
			knownRegions = (
				en,
				Base,
				de,
			);
			mainGroup = A00000000000000000000002;
			productRefGroup = A00000000000000000000003 /* Products */;
			projectDirPath = "";
			projectRoot = "";
			targets = (
				A00000000000000000000016 /* OpenDictateKeyboardDemo */,
				A00000000000000000000017 /* OpenDictateKeyboard */,
			);
		};
/* End PBXProject section */

/* Begin PBXResourcesBuildPhase section */
		A00000000000000000000013 /* Resources */ = {isa = PBXResourcesBuildPhase; buildActionMask = 2147483647; files = (); runOnlyForDeploymentPostprocessing = 0; };
		A00000000000000000000014 /* Resources */ = {isa = PBXResourcesBuildPhase; buildActionMask = 2147483647; files = (); runOnlyForDeploymentPostprocessing = 0; };
/* End PBXResourcesBuildPhase section */

/* Begin PBXSourcesBuildPhase section */
		A0000000000000000000000F /* Sources */ = {isa = PBXSourcesBuildPhase; buildActionMask = 2147483647; files = (A0000000000000000000000C /* HostApp.swift in Sources */, A00000000000000000000023 /* RecordingCoordinator.swift in Sources */, A00000000000000000000024 /* RecordingBridge.swift in Host Sources */, ); runOnlyForDeploymentPostprocessing = 0; };
		A00000000000000000000010 /* Sources */ = {isa = PBXSourcesBuildPhase; buildActionMask = 2147483647; files = (A0000000000000000000000D /* KeyboardViewController.swift in Sources */, A00000000000000000000025 /* RecordingBridge.swift in Keyboard Sources */, ); runOnlyForDeploymentPostprocessing = 0; };
/* End PBXSourcesBuildPhase section */

/* Begin PBXTargetDependency section */
		A00000000000000000000018 /* PBXTargetDependency */ = {isa = PBXTargetDependency; target = A00000000000000000000017 /* OpenDictateKeyboard */; targetProxy = A00000000000000000000019 /* PBXContainerItemProxy */; };
/* End PBXTargetDependency section */

/* Begin XCBuildConfiguration section */
		A0000000000000000000001B /* Debug */ = {
			isa = XCBuildConfiguration;
			buildSettings = {
				CLANG_ENABLE_MODULES = YES;
				CLANG_ENABLE_OBJC_ARC = YES;
				DEBUG_INFORMATION_FORMAT = dwarf;
				ENABLE_TESTABILITY = YES;
				GCC_C_LANGUAGE_STANDARD = gnu17;
				GCC_DYNAMIC_NO_PIC = NO;
				GCC_OPTIMIZATION_LEVEL = 0;
				GCC_PREPROCESSOR_DEFINITIONS = ("DEBUG=1", "$(inherited)", );
				IPHONEOS_DEPLOYMENT_TARGET = 16.0;
				MTL_ENABLE_DEBUG_INFO = INCLUDE_SOURCE;
				ONLY_ACTIVE_ARCH = YES;
				SDKROOT = iphoneos;
				SWIFT_ACTIVE_COMPILATION_CONDITIONS = ("DEBUG", "$(inherited)", );
				SWIFT_OPTIMIZATION_LEVEL = "-Onone";
				SWIFT_VERSION = 6.0;
				TARGETED_DEVICE_FAMILY = "1,2";
			};
			name = Debug;
		};
		A0000000000000000000001C /* Release */ = {
			isa = XCBuildConfiguration;
			buildSettings = {
				CLANG_ENABLE_MODULES = YES;
				CLANG_ENABLE_OBJC_ARC = YES;
				DEBUG_INFORMATION_FORMAT = "dwarf-with-dsym";
				ENABLE_NS_ASSERTIONS = NO;
				GCC_C_LANGUAGE_STANDARD = gnu17;
				IPHONEOS_DEPLOYMENT_TARGET = 16.0;
				SDKROOT = iphoneos;
				SWIFT_COMPILATION_MODE = wholemodule;
				SWIFT_OPTIMIZATION_LEVEL = "-O";
				SWIFT_VERSION = 6.0;
				TARGETED_DEVICE_FAMILY = "1,2";
			};
			name = Release;
		};
		A0000000000000000000001E /* Debug */ = {
			isa = XCBuildConfiguration;
			buildSettings = {
				CODE_SIGN_STYLE = Automatic;
				CODE_SIGN_ENTITLEMENTS = Sources/OpenDictateKeyboardDemo/OpenDictateKeyboardDemo.entitlements;
				CURRENT_PROJECT_VERSION = 1;
				GENERATE_INFOPLIST_FILE = NO;
				INFOPLIST_FILE = Sources/OpenDictateKeyboardDemo/Info.plist;
				IPHONEOS_DEPLOYMENT_TARGET = 16.0;
				LD_RUNPATH_SEARCH_PATHS = ("$(inherited)", "@executable_path/Frameworks", );
				MARKETING_VERSION = 0.1.0;
				PRODUCT_BUNDLE_IDENTIFIER = com.opendictate.ios.keyboarddemo;
				PRODUCT_NAME = "$(TARGET_NAME)";
				SUPPORTED_PLATFORMS = "iphoneos iphonesimulator";
				SWIFT_EMIT_LOC_STRINGS = NO;
				SWIFT_VERSION = 6.0;
				TARGETED_DEVICE_FAMILY = "1,2";
			};
			name = Debug;
		};
		A0000000000000000000001F /* Release */ = {
			isa = XCBuildConfiguration;
			buildSettings = {
				CODE_SIGN_STYLE = Automatic;
				CODE_SIGN_ENTITLEMENTS = Sources/OpenDictateKeyboardDemo/OpenDictateKeyboardDemo.entitlements;
				CURRENT_PROJECT_VERSION = 1;
				GENERATE_INFOPLIST_FILE = NO;
				INFOPLIST_FILE = Sources/OpenDictateKeyboardDemo/Info.plist;
				IPHONEOS_DEPLOYMENT_TARGET = 16.0;
				LD_RUNPATH_SEARCH_PATHS = ("$(inherited)", "@executable_path/Frameworks", );
				MARKETING_VERSION = 0.1.0;
				PRODUCT_BUNDLE_IDENTIFIER = com.opendictate.ios.keyboarddemo;
				PRODUCT_NAME = "$(TARGET_NAME)";
				SUPPORTED_PLATFORMS = "iphoneos iphonesimulator";
				SWIFT_EMIT_LOC_STRINGS = NO;
				SWIFT_VERSION = 6.0;
				TARGETED_DEVICE_FAMILY = "1,2";
			};
			name = Release;
		};
		A00000000000000000000021 /* Debug */ = {
			isa = XCBuildConfiguration;
			buildSettings = {
				APPLICATION_EXTENSION_API_ONLY = YES;
				CODE_SIGN_STYLE = Automatic;
				CODE_SIGN_ENTITLEMENTS = Sources/OpenDictateKeyboard/OpenDictateKeyboard.entitlements;
				CURRENT_PROJECT_VERSION = 1;
				GENERATE_INFOPLIST_FILE = NO;
				INFOPLIST_FILE = Sources/OpenDictateKeyboard/Info.plist;
				IPHONEOS_DEPLOYMENT_TARGET = 16.0;
				LD_RUNPATH_SEARCH_PATHS = ("$(inherited)", "@executable_path/Frameworks", "@executable_path/../../Frameworks", );
				MARKETING_VERSION = 0.1.0;
				PRODUCT_BUNDLE_IDENTIFIER = com.opendictate.ios.keyboarddemo.keyboard;
				PRODUCT_NAME = "$(TARGET_NAME)";
				SKIP_INSTALL = YES;
				SUPPORTED_PLATFORMS = "iphoneos iphonesimulator";
				SWIFT_EMIT_LOC_STRINGS = NO;
				SWIFT_VERSION = 6.0;
				TARGETED_DEVICE_FAMILY = "1,2";
			};
			name = Debug;
		};
		A00000000000000000000022 /* Release */ = {
			isa = XCBuildConfiguration;
			buildSettings = {
				APPLICATION_EXTENSION_API_ONLY = YES;
				CODE_SIGN_STYLE = Automatic;
				CODE_SIGN_ENTITLEMENTS = Sources/OpenDictateKeyboard/OpenDictateKeyboard.entitlements;
				CURRENT_PROJECT_VERSION = 1;
				GENERATE_INFOPLIST_FILE = NO;
				INFOPLIST_FILE = Sources/OpenDictateKeyboard/Info.plist;
				IPHONEOS_DEPLOYMENT_TARGET = 16.0;
				LD_RUNPATH_SEARCH_PATHS = ("$(inherited)", "@executable_path/Frameworks", "@executable_path/../../Frameworks", );
				MARKETING_VERSION = 0.1.0;
				PRODUCT_BUNDLE_IDENTIFIER = com.opendictate.ios.keyboarddemo.keyboard;
				PRODUCT_NAME = "$(TARGET_NAME)";
				SKIP_INSTALL = YES;
				SUPPORTED_PLATFORMS = "iphoneos iphonesimulator";
				SWIFT_EMIT_LOC_STRINGS = NO;
				SWIFT_VERSION = 6.0;
				TARGETED_DEVICE_FAMILY = "1,2";
			};
			name = Release;
		};
/* End XCBuildConfiguration section */

/* Begin XCConfigurationList section */
		A0000000000000000000001A /* Build configuration list for PBXProject "OpenDictateKeyboardDemo" */ = {isa = XCConfigurationList; buildConfigurations = (A0000000000000000000001B /* Debug */, A0000000000000000000001C /* Release */, ); defaultConfigurationIsVisible = 0; defaultConfigurationName = Release; };
		A0000000000000000000001D /* Build configuration list for PBXNativeTarget "OpenDictateKeyboardDemo" */ = {isa = XCConfigurationList; buildConfigurations = (A0000000000000000000001E /* Debug */, A0000000000000000000001F /* Release */, ); defaultConfigurationIsVisible = 0; defaultConfigurationName = Release; };
		A00000000000000000000020 /* Build configuration list for PBXNativeTarget "OpenDictateKeyboard" */ = {isa = XCConfigurationList; buildConfigurations = (A00000000000000000000021 /* Debug */, A00000000000000000000022 /* Release */, ); defaultConfigurationIsVisible = 0; defaultConfigurationName = Release; };
/* End XCConfigurationList section */
	};
	rootObject = A00000000000000000000001 /* Project object */;
}
